
Microsoft Visual Studio Solution File, Format Version 12.00
# Visual Studio Version 17
VisualStudioVersion = 17.1.32407.343
MinimumVisualStudioVersion = 10.0.40219.1
Project("{9A19103F-16F7-4668-BE54-9A1E7A4F7556}") = "Easy", "Easy\Easy.csproj", "{542FF0BD-F105-4D24-8A41-A0055D9A59CA}"
EndProject
Global
	GlobalSection(SolutionConfigurationPlatforms) = preSolution
		Debug|Any CPU = Debug|Any CPU
		Release|Any CPU = Release|Any CPU
	EndGlobalSection
	GlobalSection(ProjectConfigurationPlatforms) = postSolution
		{542FF0BD-F105-4D24-8A41-A0055D9A59CA}.Debug|Any CPU.ActiveCfg = Debug|Any CPU
		{542FF0BD-F105-4D24-8A41-A0055D9A59CA}.Debug|Any CPU.Build.0 = Debug|Any CPU
		{542FF0BD-F105-4D24-8A41-A0055D9A59CA}.Release|Any CPU.ActiveCfg = Release|Any CPU
		{542FF0BD-F105-4D24-8A41-A0055D9A59CA}.Release|Any CPU.Build.0 = Release|Any CPU
	EndGlobalSection
	GlobalSection(SolutionProperties) = preSolution
		HideSolutionNode = FALSE
	EndGlobalSection
	GlobalSection(ExtensibilityGlobals) = postSolution
		SolutionGuid = {D0E9ED3F-F856-4668-8173-0B8307148245}
	EndGlobalSection
EndGlobal
